
Microsoft Visual Studio Solution File, Format Version 12.00
# Visual Studio Version 17
VisualStudioVersion = 17.7.34024.191
MinimumVisualStudioVersion = 10.0.40219.1
Project("{8BC9CEB8-8B4A-11D0-8D11-00A0C91BC942}") = "CNTbattleserver", "CNTbattleserver\CNTbattleserver.vcxproj", "{A117759D-A52B-4BA5-8FB0-CB1EC1A64216}"
EndProject
Global
	GlobalSection(SolutionConfigurationPlatforms) = preSolution
		Debug|x64 = Debug|x64
		Debug|x86 = Debug|x86
		Release|x64 = Release|x64
		Release|x86 = Release|x86
	EndGlobalSection
	GlobalSection(ProjectConfigurationPlatforms) = postSolution
		{A117759D-A52B-4BA5-8FB0-CB1EC1A64216}.Debug|x64.ActiveCfg = Debug|x64
		{A117759D-A52B-4BA5-8FB0-CB1EC1A64216}.Debug|x64.Build.0 = Debug|x64
		{A117759D-A52B-4BA5-8FB0-CB1EC1A64216}.Debug|x86.ActiveCfg = Debug|Win32
		{A117759D-A52B-4BA5-8FB0-CB1EC1A64216}.Debug|x86.Build.0 = Debug|Win32
		{A117759D-A52B-4BA5-8FB0-CB1EC1A64216}.Release|x64.ActiveCfg = Release|x64
		{A117759D-A52B-4BA5-8FB0-CB1EC1A64216}.Release|x64.Build.0 = Release|x64
		{A117759D-A52B-4BA5-8FB0-CB1EC1A64216}.Release|x86.ActiveCfg = Release|Win32
		{A117759D-A52B-4BA5-8FB0-CB1EC1A64216}.Release|x86.Build.0 = Release|Win32
	EndGlobalSection
	GlobalSection(SolutionProperties) = preSolution
		HideSolutionNode = FALSE
	EndGlobalSection
	GlobalSection(ExtensibilityGlobals) = postSolution
		SolutionGuid = {40DE53FE-D717-42A9-ABBE-03054BCA8231}
	EndGlobalSection
EndGlobal
